// !$*UTF8*$!
{
	archiveVersion = 1;
	classes = {
	};
	objectVersion = 48;
	objects = {

/* Begin PBXBuildFile section */
		8415B0481FB036250081B393 /* HotelStoryboard.storyboard in Resources */ = {isa = PBXBuildFile; fileRef = 8415B0471FB036250081B393 /* HotelStoryboard.storyboard */; };
		8415B04C1FB037450081B393 /* HotelTableViewController.m in Sources */ = {isa = PBXBuildFile; fileRef = 8415B04B1FB037450081B393 /* HotelTableViewController.m */; };
		8415B0521FB037A20081B393 /* PostedViewController.m in Sources */ = {isa = PBXBuildFile; fileRef = 8415B0511FB037A20081B393 /* PostedViewController.m */; };
		8415B0551FB0402C0081B393 /* HotelTableViewCell.m in Sources */ = {isa = PBXBuildFile; fileRef = 8415B0541FB0402C0081B393 /* HotelTableViewCell.m */; };
		B26D932F1FA80AC3008F6715 /* AppDelegate.m in Sources */ = {isa = PBXBuildFile; fileRef = B26D932E1FA80AC3008F6715 /* AppDelegate.m */; };
		B26D93401FA80AC3008F6715 /* main.m in Sources */ = {isa = PBXBuildFile; fileRef = B26D933F1FA80AC3008F6715 /* main.m */; };
		B26D934A1FA80AC4008F6715 /* GetHotelsTests.m in Sources */ = {isa = PBXBuildFile; fileRef = B26D93491FA80AC4008F6715 /* GetHotelsTests.m */; };
		B26D93551FA80AC4008F6715 /* GetHotelsUITests.m in Sources */ = {isa = PBXBuildFile; fileRef = B26D93541FA80AC4008F6715 /* GetHotelsUITests.m */; };
		B27E42BD1FB1851800C2093D /* offerModel.m in Sources */ = {isa = PBXBuildFile; fileRef = B27E42BA1FB1851700C2093D /* offerModel.m */; };
		B27E42BE1FB1851800C2093D /* HotelModel.m in Sources */ = {isa = PBXBuildFile; fileRef = B27E42BB1FB1851700C2093D /* HotelModel.m */; };
		B27E42C11FB1999000C2093D /* QuoteViewController.m in Sources */ = {isa = PBXBuildFile; fileRef = B27E42C01FB1999000C2093D /* QuoteViewController.m */; };
		B2BC96B21FB295FC002C0AF5 /* Cities.plist in Resources */ = {isa = PBXBuildFile; fileRef = B2BC96B11FB295FB002C0AF5 /* Cities.plist */; };
		B2D8B6B91FB04354003A2208 /* CityTableViewController.m in Sources */ = {isa = PBXBuildFile; fileRef = B2D8B6B81FB04354003A2208 /* CityTableViewController.m */; };
		B2D8B6BB1FB049FA003A2208 /* Air.storyboard in Resources */ = {isa = PBXBuildFile; fileRef = B2D8B6BA1FB049FA003A2208 /* Air.storyboard */; };
		B2D9F1811FB0525A009FB5CF /* TabbarViewController.m in Sources */ = {isa = PBXBuildFile; fileRef = B2D9F1801FB0525A009FB5CF /* TabbarViewController.m */; };
		B2E48A661FAFF85800725555 /* GetHotels.xcdatamodeld in Sources */ = {isa = PBXBuildFile; fileRef = B2E48A241FAFF85700725555 /* GetHotels.xcdatamodeld */; };
		B2E48A671FAFF85800725555 /* Order.m in Sources */ = {isa = PBXBuildFile; fileRef = B2E48A271FAFF85700725555 /* Order.m */; };
		B2E48A711FAFF85800725555 /* AppAPIClient.m in Sources */ = {isa = PBXBuildFile; fileRef = B2E48A401FAFF85700725555 /* AppAPIClient.m */; };
		B2E48A721FAFF85800725555 /* ErrorHandler.m in Sources */ = {isa = PBXBuildFile; fileRef = B2E48A421FAFF85700725555 /* ErrorHandler.m */; };
		B2E48A731FAFF85800725555 /* NSData+Base64.m in Sources */ = {isa = PBXBuildFile; fileRef = B2E48A441FAFF85700725555 /* NSData+Base64.m */; };
		B2E48A741FAFF85800725555 /* NSDate+Utility.m in Sources */ = {isa = PBXBuildFile; fileRef = B2E48A461FAFF85700725555 /* NSDate+Utility.m */; };
		B2E48A751FAFF85800725555 /* NSDateFormatter+Category.m in Sources */ = {isa = PBXBuildFile; fileRef = B2E48A481FAFF85700725555 /* NSDateFormatter+Category.m */; };
		B2E48A761FAFF85800725555 /* NSString+Crypt.m in Sources */ = {isa = PBXBuildFile; fileRef = B2E48A4A1FAFF85700725555 /* NSString+Crypt.m */; };
		B2E48A771FAFF85800725555 /* RequestAPI.m in Sources */ = {isa = PBXBuildFile; fileRef = B2E48A4C1FAFF85700725555 /* RequestAPI.m */; };
		B2E48A781FAFF85800725555 /* StorageMgr.m in Sources */ = {isa = PBXBuildFile; fileRef = B2E48A4E1FAFF85700725555 /* StorageMgr.m */; };
		B2E48A791FAFF85800725555 /* Utilities.m in Sources */ = {isa = PBXBuildFile; fileRef = B2E48A501FAFF85700725555 /* Utilities.m */; };
		B2E48A7A1FAFF85800725555 /* AirTableViewCell.m in Sources */ = {isa = PBXBuildFile; fileRef = B2E48A541FAFF85700725555 /* AirTableViewCell.m */; };
		B2E48A7B1FAFF85800725555 /* AirViewController.m in Sources */ = {isa = PBXBuildFile; fileRef = B2E48A561FAFF85700725555 /* AirViewController.m */; };
		B2E48A7C1FAFF85800725555 /* CanOfferTableViewController.m in Sources */ = {isa = PBXBuildFile; fileRef = B2E48A581FAFF85700725555 /* CanOfferTableViewController.m */; };
		B2E48A7D1FAFF85800725555 /* CantOfferTableViewController.m in Sources */ = {isa = PBXBuildFile; fileRef = B2E48A5A1FAFF85700725555 /* CantOfferTableViewController.m */; };
		B2E48A7E1FAFF85800725555 /* Assets.xcassets in Resources */ = {isa = PBXBuildFile; fileRef = B2E48A5D1FAFF85700725555 /* Assets.xcassets */; };
		B2E48A7F1FAFF85800725555 /* LaunchScreen.storyboard in Resources */ = {isa = PBXBuildFile; fileRef = B2E48A5E1FAFF85700725555 /* LaunchScreen.storyboard */; };
		B2E48A801FAFF85800725555 /* Main.storyboard in Resources */ = {isa = PBXBuildFile; fileRef = B2E48A601FAFF85700725555 /* Main.storyboard */; };
		B2E48A811FAFF85800725555 /* BasicEncodingRules.m in Sources */ = {isa = PBXBuildFile; fileRef = B2E48A651FAFF85800725555 /* BasicEncodingRules.m */; };
		B2E48A831FAFF87100725555 /* Openssl.framework in Frameworks */ = {isa = PBXBuildFile; fileRef = B2E48A821FAFF87000725555 /* Openssl.framework */; };
		B2E48A8C1FAFF97D00725555 /* libz.tbd in Frameworks */ = {isa = PBXBuildFile; fileRef = B2E48A131FAFF2D500725555 /* libz.tbd */; };
		B2E48A8D1FAFF98500725555 /* libc++.tbd in Frameworks */ = {isa = PBXBuildFile; fileRef = B2E48A111FAFF2C700725555 /* libc++.tbd */; };
		B2E48AC31FAFFA8400725555 /* base64.m in Sources */ = {isa = PBXBuildFile; fileRef = B2E48AAF1FAFFA8200725555 /* base64.m */; };
		B2E48AC41FAFFA8400725555 /* DataSigner.m in Sources */ = {isa = PBXBuildFile; fileRef = B2E48AB21FAFFA8200725555 /* DataSigner.m */; };
		B2E48AC51FAFFA8400725555 /* DataVerifier.m in Sources */ = {isa = PBXBuildFile; fileRef = B2E48AB41FAFFA8200725555 /* DataVerifier.m */; };
		B2E48AC61FAFFA8400725555 /* MD5DataSigner.m in Sources */ = {isa = PBXBuildFile; fileRef = B2E48AB61FAFFA8200725555 /* MD5DataSigner.m */; };
		B2E48AC71FAFFA8400725555 /* NSDataEx.m in Sources */ = {isa = PBXBuildFile; fileRef = B2E48AB81FAFFA8200725555 /* NSDataEx.m */; };
		B2E48AC81FAFFA8400725555 /* openssl_wrapper.m in Sources */ = {isa = PBXBuildFile; fileRef = B2E48ABA1FAFFA8200725555 /* openssl_wrapper.m */; };
		B2E48AC91FAFFA8400725555 /* RSADataSigner.m in Sources */ = {isa = PBXBuildFile; fileRef = B2E48ABC1FAFFA8200725555 /* RSADataSigner.m */; };
		B2E48ACA1FAFFA8400725555 /* RSADataVerifier.m in Sources */ = {isa = PBXBuildFile; fileRef = B2E48ABE1FAFFA8200725555 /* RSADataVerifier.m */; };
		B2E48ACB1FAFFA8400725555 /* GBAlipayManager.m in Sources */ = {isa = PBXBuildFile; fileRef = B2E48AC21FAFFA8300725555 /* GBAlipayManager.m */; };
		B2E48ACC1FAFFACC00725555 /* AlipaySDK.framework in Frameworks */ = {isa = PBXBuildFile; fileRef = B2E48A841FAFF8F000725555 /* AlipaySDK.framework */; };
		B2E48ACD1FAFFACC00725555 /* AlipaySDK.bundle in Frameworks */ = {isa = PBXBuildFile; fileRef = B2E48A871FAFF8F100725555 /* AlipaySDK.bundle */; };
		B2E48ACE1FAFFACC00725555 /* libcrypto.a in Frameworks */ = {isa = PBXBuildFile; fileRef = B2E48A851FAFF8F000725555 /* libcrypto.a */; };
		B2E48ACF1FAFFACC00725555 /* libssl.a in Frameworks */ = {isa = PBXBuildFile; fileRef = B2E48A861FAFF8F000725555 /* libssl.a */; };
		B2E48AD11FAFFB1600725555 /* CoreTelephony.framework in Frameworks */ = {isa = PBXBuildFile; fileRef = B2E48AD01FAFFB1600725555 /* CoreTelephony.framework */; };
		B2E48AD31FAFFB2100725555 /* CoreMotion.framework in Frameworks */ = {isa = PBXBuildFile; fileRef = B2E48AD21FAFFB2000725555 /* CoreMotion.framework */; };
/* End PBXBuildFile section */

/* Begin PBXContainerItemProxy section */
		B26D93461FA80AC4008F6715 /* PBXContainerItemProxy */ = {
			isa = PBXContainerItemProxy;
			containerPortal = B26D93221FA80AC3008F6715 /* Project object */;
			proxyType = 1;
			remoteGlobalIDString = B26D93291FA80AC3008F6715;
			remoteInfo = GetHotels;
		};
		B26D93511FA80AC4008F6715 /* PBXContainerItemProxy */ = {
			isa = PBXContainerItemProxy;
			containerPortal = B26D93221FA80AC3008F6715 /* Project object */;
			proxyType = 1;
			remoteGlobalIDString = B26D93291FA80AC3008F6715;
			remoteInfo = GetHotels;
		};
/* End PBXContainerItemProxy section */

/* Begin PBXFileReference section */
		595A8923C5E5A46B4E74E0FD /* Pods-GetHotels.release.xcconfig */ = {isa = PBXFileReference; includeInIndex = 1; lastKnownFileType = text.xcconfig; name = "Pods-GetHotels.release.xcconfig"; path = "Pods/Target Support Files/Pods-GetHotels/Pods-GetHotels.release.xcconfig"; sourceTree = "<group>"; };
		7D532D60D38CE01E51BAB8ED /* Pods-GetHotels.debug.xcconfig */ = {isa = PBXFileReference; includeInIndex = 1; lastKnownFileType = text.xcconfig; name = "Pods-GetHotels.debug.xcconfig"; path = "Pods/Target Support Files/Pods-GetHotels/Pods-GetHotels.debug.xcconfig"; sourceTree = "<group>"; };
		8415B0471FB036250081B393 /* HotelStoryboard.storyboard */ = {isa = PBXFileReference; lastKnownFileType = file.storyboard; path = HotelStoryboard.storyboard; sourceTree = "<group>"; };
		8415B04A1FB037450081B393 /* HotelTableViewController.h */ = {isa = PBXFileReference; lastKnownFileType = sourcecode.c.h; path = HotelTableViewController.h; sourceTree = "<group>"; };
		8415B04B1FB037450081B393 /* HotelTableViewController.m */ = {isa = PBXFileReference; lastKnownFileType = sourcecode.c.objc; path = HotelTableViewController.m; sourceTree = "<group>"; };
		8415B0501FB037A20081B393 /* PostedViewController.h */ = {isa = PBXFileReference; lastKnownFileType = sourcecode.c.h; path = PostedViewController.h; sourceTree = "<group>"; };
		8415B0511FB037A20081B393 /* PostedViewController.m */ = {isa = PBXFileReference; lastKnownFileType = sourcecode.c.objc; path = PostedViewController.m; sourceTree = "<group>"; };
		8415B0531FB0402C0081B393 /* HotelTableViewCell.h */ = {isa = PBXFileReference; lastKnownFileType = sourcecode.c.h; path = HotelTableViewCell.h; sourceTree = "<group>"; };
		8415B0541FB0402C0081B393 /* HotelTableViewCell.m */ = {isa = PBXFileReference; lastKnownFileType = sourcecode.c.objc; path = HotelTableViewCell.m; sourceTree = "<group>"; };
		B26D932A1FA80AC3008F6715 /* GetHotels.app */ = {isa = PBXFileReference; explicitFileType = wrapper.application; includeInIndex = 0; path = GetHotels.app; sourceTree = BUILT_PRODUCTS_DIR; };
		B26D932D1FA80AC3008F6715 /* AppDelegate.h */ = {isa = PBXFileReference; lastKnownFileType = sourcecode.c.h; path = AppDelegate.h; sourceTree = "<group>"; };
		B26D932E1FA80AC3008F6715 /* AppDelegate.m */ = {isa = PBXFileReference; lastKnownFileType = sourcecode.c.objc; path = AppDelegate.m; sourceTree = "<group>"; };
		B26D933E1FA80AC3008F6715 /* Info.plist */ = {isa = PBXFileReference; lastKnownFileType = text.plist.xml; path = Info.plist; sourceTree = "<group>"; };
		B26D933F1FA80AC3008F6715 /* main.m */ = {isa = PBXFileReference; lastKnownFileType = sourcecode.c.objc; path = main.m; sourceTree = "<group>"; };
		B26D93451FA80AC4008F6715 /* GetHotelsTests.xctest */ = {isa = PBXFileReference; explicitFileType = wrapper.cfbundle; includeInIndex = 0; path = GetHotelsTests.xctest; sourceTree = BUILT_PRODUCTS_DIR; };
		B26D93491FA80AC4008F6715 /* GetHotelsTests.m */ = {isa = PBXFileReference; lastKnownFileType = sourcecode.c.objc; path = GetHotelsTests.m; sourceTree = "<group>"; };
		B26D934B1FA80AC4008F6715 /* Info.plist */ = {isa = PBXFileReference; lastKnownFileType = text.plist.xml; path = Info.plist; sourceTree = "<group>"; };
		B26D93501FA80AC4008F6715 /* GetHotelsUITests.xctest */ = {isa = PBXFileReference; explicitFileType = wrapper.cfbundle; includeInIndex = 0; path = GetHotelsUITests.xctest; sourceTree = BUILT_PRODUCTS_DIR; };
		B26D93541FA80AC4008F6715 /* GetHotelsUITests.m */ = {isa = PBXFileReference; lastKnownFileType = sourcecode.c.objc; path = GetHotelsUITests.m; sourceTree = "<group>"; };
		B26D93561FA80AC4008F6715 /* Info.plist */ = {isa = PBXFileReference; lastKnownFileType = text.plist.xml; path = Info.plist; sourceTree = "<group>"; };
		B26D93731FA8461F008F6715 /* RKSwipeBetweenViewControllers.podspec */ = {isa = PBXFileReference; lastKnownFileType = text; name = RKSwipeBetweenViewControllers.podspec; path = "../../RKSwipeBetweenViewControllers-master/RKSwipeBetweenViewControllers.podspec"; sourceTree = "<group>"; };
		B26D93751FA84A50008F6715 /* Foundation.framework */ = {isa = PBXFileReference; lastKnownFileType = wrapper.framework; name = Foundation.framework; path = System/Library/Frameworks/Foundation.framework; sourceTree = SDKROOT; };
		B26D93771FA84A5D008F6715 /* CoreGraphics.framework */ = {isa = PBXFileReference; lastKnownFileType = wrapper.framework; name = CoreGraphics.framework; path = System/Library/Frameworks/CoreGraphics.framework; sourceTree = SDKROOT; };
		B26D93791FA84A65008F6715 /* UIKit.framework */ = {isa = PBXFileReference; lastKnownFileType = wrapper.framework; name = UIKit.framework; path = System/Library/Frameworks/UIKit.framework; sourceTree = SDKROOT; };
		B27E42B91FB1851600C2093D /* offerModel.h */ = {isa = PBXFileReference; fileEncoding = 4; lastKnownFileType = sourcecode.c.h; path = offerModel.h; sourceTree = "<group>"; };
		B27E42BA1FB1851700C2093D /* offerModel.m */ = {isa = PBXFileReference; fileEncoding = 4; lastKnownFileType = sourcecode.c.objc; path = offerModel.m; sourceTree = "<group>"; };
		B27E42BB1FB1851700C2093D /* HotelModel.m */ = {isa = PBXFileReference; fileEncoding = 4; lastKnownFileType = sourcecode.c.objc; path = HotelModel.m; sourceTree = "<group>"; };
		B27E42BC1FB1851700C2093D /* HotelModel.h */ = {isa = PBXFileReference; fileEncoding = 4; lastKnownFileType = sourcecode.c.h; path = HotelModel.h; sourceTree = "<group>"; };
		B27E42BF1FB1999000C2093D /* QuoteViewController.h */ = {isa = PBXFileReference; lastKnownFileType = sourcecode.c.h; path = QuoteViewController.h; sourceTree = "<group>"; };
		B27E42C01FB1999000C2093D /* QuoteViewController.m */ = {isa = PBXFileReference; lastKnownFileType = sourcecode.c.objc; path = QuoteViewController.m; sourceTree = "<group>"; };
		B2BC96B11FB295FB002C0AF5 /* Cities.plist */ = {isa = PBXFileReference; fileEncoding = 4; lastKnownFileType = text.plist.xml; path = Cities.plist; sourceTree = "<group>"; };
		B2D8B6B71FB04354003A2208 /* CityTableViewController.h */ = {isa = PBXFileReference; lastKnownFileType = sourcecode.c.h; path = CityTableViewController.h; sourceTree = "<group>"; };
		B2D8B6B81FB04354003A2208 /* CityTableViewController.m */ = {isa = PBXFileReference; lastKnownFileType = sourcecode.c.objc; path = CityTableViewController.m; sourceTree = "<group>"; };
		B2D8B6BA1FB049FA003A2208 /* Air.storyboard */ = {isa = PBXFileReference; lastKnownFileType = file.storyboard; path = Air.storyboard; sourceTree = "<group>"; };
		B2D9F17F1FB0525A009FB5CF /* TabbarViewController.h */ = {isa = PBXFileReference; lastKnownFileType = sourcecode.c.h; path = TabbarViewController.h; sourceTree = "<group>"; };
		B2D9F1801FB0525A009FB5CF /* TabbarViewController.m */ = {isa = PBXFileReference; lastKnownFileType = sourcecode.c.objc; path = TabbarViewController.m; sourceTree = "<group>"; };
		B2E48A111FAFF2C700725555 /* libc++.tbd */ = {isa = PBXFileReference; lastKnownFileType = "sourcecode.text-based-dylib-definition"; name = "libc++.tbd"; path = "usr/lib/libc++.tbd"; sourceTree = SDKROOT; };
		B2E48A131FAFF2D500725555 /* libz.tbd */ = {isa = PBXFileReference; lastKnownFileType = "sourcecode.text-based-dylib-definition"; name = libz.tbd; path = usr/lib/libz.tbd; sourceTree = SDKROOT; };
		B2E48A151FAFF49100725555 /* PrefixHeader.pch */ = {isa = PBXFileReference; lastKnownFileType = sourcecode.c.h; path = PrefixHeader.pch; sourceTree = "<group>"; };
		B2E48A221FAFF85700725555 /* Constants.h */ = {isa = PBXFileReference; fileEncoding = 4; lastKnownFileType = sourcecode.c.h; path = Constants.h; sourceTree = "<group>"; };
		B2E48A251FAFF85700725555 /* GetHotels.xcdatamodel */ = {isa = PBXFileReference; lastKnownFileType = wrapper.xcdatamodel; path = GetHotels.xcdatamodel; sourceTree = "<group>"; };
		B2E48A261FAFF85700725555 /* Order.h */ = {isa = PBXFileReference; fileEncoding = 4; lastKnownFileType = sourcecode.c.h; path = Order.h; sourceTree = "<group>"; };
		B2E48A271FAFF85700725555 /* Order.m */ = {isa = PBXFileReference; fileEncoding = 4; lastKnownFileType = sourcecode.c.objc; path = Order.m; sourceTree = "<group>"; };
		B2E48A3F1FAFF85700725555 /* AppAPIClient.h */ = {isa = PBXFileReference; fileEncoding = 4; lastKnownFileType = sourcecode.c.h; path = AppAPIClient.h; sourceTree = "<group>"; };
		B2E48A401FAFF85700725555 /* AppAPIClient.m */ = {isa = PBXFileReference; fileEncoding = 4; lastKnownFileType = sourcecode.c.objc; path = AppAPIClient.m; sourceTree = "<group>"; };
		B2E48A411FAFF85700725555 /* ErrorHandler.h */ = {isa = PBXFileReference; fileEncoding = 4; lastKnownFileType = sourcecode.c.h; path = ErrorHandler.h; sourceTree = "<group>"; };
		B2E48A421FAFF85700725555 /* ErrorHandler.m */ = {isa = PBXFileReference; fileEncoding = 4; lastKnownFileType = sourcecode.c.objc; path = ErrorHandler.m; sourceTree = "<group>"; };
		B2E48A431FAFF85700725555 /* NSData+Base64.h */ = {isa = PBXFileReference; fileEncoding = 4; lastKnownFileType = sourcecode.c.h; path = "NSData+Base64.h"; sourceTree = "<group>"; };
		B2E48A441FAFF85700725555 /* NSData+Base64.m */ = {isa = PBXFileReference; fileEncoding = 4; lastKnownFileType = sourcecode.c.objc; path = "NSData+Base64.m"; sourceTree = "<group>"; };
		B2E48A451FAFF85700725555 /* NSDate+Utility.h */ = {isa = PBXFileReference; fileEncoding = 4; lastKnownFileType = sourcecode.c.h; path = "NSDate+Utility.h"; sourceTree = "<group>"; };
		B2E48A461FAFF85700725555 /* NSDate+Utility.m */ = {isa = PBXFileReference; fileEncoding = 4; lastKnownFileType = sourcecode.c.objc; path = "NSDate+Utility.m"; sourceTree = "<group>"; };
		B2E48A471FAFF85700725555 /* NSDateFormatter+Category.h */ = {isa = PBXFileReference; fileEncoding = 4; lastKnownFileType = sourcecode.c.h; path = "NSDateFormatter+Category.h"; sourceTree = "<group>"; };
		B2E48A481FAFF85700725555 /* NSDateFormatter+Category.m */ = {isa = PBXFileReference; fileEncoding = 4; lastKnownFileType = sourcecode.c.objc; path = "NSDateFormatter+Category.m"; sourceTree = "<group>"; };
		B2E48A491FAFF85700725555 /* NSString+Crypt.h */ = {isa = PBXFileReference; fileEncoding = 4; lastKnownFileType = sourcecode.c.h; path = "NSString+Crypt.h"; sourceTree = "<group>"; };
		B2E48A4A1FAFF85700725555 /* NSString+Crypt.m */ = {isa = PBXFileReference; fileEncoding = 4; lastKnownFileType = sourcecode.c.objc; path = "NSString+Crypt.m"; sourceTree = "<group>"; };
		B2E48A4B1FAFF85700725555 /* RequestAPI.h */ = {isa = PBXFileReference; fileEncoding = 4; lastKnownFileType = sourcecode.c.h; path = RequestAPI.h; sourceTree = "<group>"; };
		B2E48A4C1FAFF85700725555 /* RequestAPI.m */ = {isa = PBXFileReference; fileEncoding = 4; lastKnownFileType = sourcecode.c.objc; path = RequestAPI.m; sourceTree = "<group>"; };
		B2E48A4D1FAFF85700725555 /* StorageMgr.h */ = {isa = PBXFileReference; fileEncoding = 4; lastKnownFileType = sourcecode.c.h; path = StorageMgr.h; sourceTree = "<group>"; };
		B2E48A4E1FAFF85700725555 /* StorageMgr.m */ = {isa = PBXFileReference; fileEncoding = 4; lastKnownFileType = sourcecode.c.objc; path = StorageMgr.m; sourceTree = "<group>"; };
		B2E48A4F1FAFF85700725555 /* Utilities.h */ = {isa = PBXFileReference; fileEncoding = 4; lastKnownFileType = sourcecode.c.h; path = Utilities.h; sourceTree = "<group>"; };
		B2E48A501FAFF85700725555 /* Utilities.m */ = {isa = PBXFileReference; fileEncoding = 4; lastKnownFileType = sourcecode.c.objc; path = Utilities.m; sourceTree = "<group>"; };
		B2E48A531FAFF85700725555 /* AirTableViewCell.h */ = {isa = PBXFileReference; fileEncoding = 4; lastKnownFileType = sourcecode.c.h; path = AirTableViewCell.h; sourceTree = "<group>"; };
		B2E48A541FAFF85700725555 /* AirTableViewCell.m */ = {isa = PBXFileReference; fileEncoding = 4; lastKnownFileType = sourcecode.c.objc; path = AirTableViewCell.m; sourceTree = "<group>"; };
		B2E48A551FAFF85700725555 /* AirViewController.h */ = {isa = PBXFileReference; fileEncoding = 4; lastKnownFileType = sourcecode.c.h; path = AirViewController.h; sourceTree = "<group>"; };
		B2E48A561FAFF85700725555 /* AirViewController.m */ = {isa = PBXFileReference; fileEncoding = 4; lastKnownFileType = sourcecode.c.objc; path = AirViewController.m; sourceTree = "<group>"; };
		B2E48A571FAFF85700725555 /* CanOfferTableViewController.h */ = {isa = PBXFileReference; fileEncoding = 4; lastKnownFileType = sourcecode.c.h; path = CanOfferTableViewController.h; sourceTree = "<group>"; };
		B2E48A581FAFF85700725555 /* CanOfferTableViewController.m */ = {isa = PBXFileReference; fileEncoding = 4; lastKnownFileType = sourcecode.c.objc; path = CanOfferTableViewController.m; sourceTree = "<group>"; };
		B2E48A591FAFF85700725555 /* CantOfferTableViewController.h */ = {isa = PBXFileReference; fileEncoding = 4; lastKnownFileType = sourcecode.c.h; path = CantOfferTableViewController.h; sourceTree = "<group>"; };
		B2E48A5A1FAFF85700725555 /* CantOfferTableViewController.m */ = {isa = PBXFileReference; fileEncoding = 4; lastKnownFileType = sourcecode.c.objc; path = CantOfferTableViewController.m; sourceTree = "<group>"; };
		B2E48A5D1FAFF85700725555 /* Assets.xcassets */ = {isa = PBXFileReference; lastKnownFileType = folder.assetcatalog; path = Assets.xcassets; sourceTree = "<group>"; };
		B2E48A5F1FAFF85700725555 /* Base */ = {isa = PBXFileReference; lastKnownFileType = file.storyboard; name = Base; path = Base.lproj/LaunchScreen.storyboard; sourceTree = "<group>"; };
		B2E48A611FAFF85700725555 /* Base */ = {isa = PBXFileReference; lastKnownFileType = file.storyboard; name = Base; path = Base.lproj/Main.storyboard; sourceTree = "<group>"; };
		B2E48A641FAFF85800725555 /* BasicEncodingRules.h */ = {isa = PBXFileReference; fileEncoding = 4; lastKnownFileType = sourcecode.c.h; path = BasicEncodingRules.h; sourceTree = "<group>"; };
		B2E48A651FAFF85800725555 /* BasicEncodingRules.m */ = {isa = PBXFileReference; fileEncoding = 4; lastKnownFileType = sourcecode.c.objc; path = BasicEncodingRules.m; sourceTree = "<group>"; };
		B2E48A821FAFF87000725555 /* Openssl.framework */ = {isa = PBXFileReference; lastKnownFileType = wrapper.framework; name = Openssl.framework; path = GetHotels/Openssl.framework; sourceTree = "<group>"; };
		B2E48A841FAFF8F000725555 /* AlipaySDK.framework */ = {isa = PBXFileReference; lastKnownFileType = wrapper.framework; name = AlipaySDK.framework; path = GetHotels/AlipaySDK.framework; sourceTree = "<group>"; };
		B2E48A851FAFF8F000725555 /* libcrypto.a */ = {isa = PBXFileReference; lastKnownFileType = archive.ar; name = libcrypto.a; path = GetHotels/libcrypto.a; sourceTree = "<group>"; };
		B2E48A861FAFF8F000725555 /* libssl.a */ = {isa = PBXFileReference; lastKnownFileType = archive.ar; name = libssl.a; path = GetHotels/libssl.a; sourceTree = "<group>"; };
		B2E48A871FAFF8F100725555 /* AlipaySDK.bundle */ = {isa = PBXFileReference; lastKnownFileType = "wrapper.plug-in"; name = AlipaySDK.bundle; path = GetHotels/AlipaySDK.bundle; sourceTree = "<group>"; };
		B2E48AAE1FAFFA8200725555 /* base64.h */ = {isa = PBXFileReference; fileEncoding = 4; lastKnownFileType = sourcecode.c.h; path = base64.h; sourceTree = "<group>"; };
		B2E48AAF1FAFFA8200725555 /* base64.m */ = {isa = PBXFileReference; fileEncoding = 4; lastKnownFileType = sourcecode.c.objc; path = base64.m; sourceTree = "<group>"; };
		B2E48AB01FAFFA8200725555 /* config.h */ = {isa = PBXFileReference; fileEncoding = 4; lastKnownFileType = sourcecode.c.h; path = config.h; sourceTree = "<group>"; };
		B2E48AB11FAFFA8200725555 /* DataSigner.h */ = {isa = PBXFileReference; fileEncoding = 4; lastKnownFileType = sourcecode.c.h; path = DataSigner.h; sourceTree = "<group>"; };
		B2E48AB21FAFFA8200725555 /* DataSigner.m */ = {isa = PBXFileReference; fileEncoding = 4; lastKnownFileType = sourcecode.c.objc; path = DataSigner.m; sourceTree = "<group>"; };
		B2E48AB31FAFFA8200725555 /* DataVerifier.h */ = {isa = PBXFileReference; fileEncoding = 4; lastKnownFileType = sourcecode.c.h; path = DataVerifier.h; sourceTree = "<group>"; };
		B2E48AB41FAFFA8200725555 /* DataVerifier.m */ = {isa = PBXFileReference; fileEncoding = 4; lastKnownFileType = sourcecode.c.objc; path = DataVerifier.m; sourceTree = "<group>"; };
		B2E48AB51FAFFA8200725555 /* MD5DataSigner.h */ = {isa = PBXFileReference; fileEncoding = 4; lastKnownFileType = sourcecode.c.h; path = MD5DataSigner.h; sourceTree = "<group>"; };
		B2E48AB61FAFFA8200725555 /* MD5DataSigner.m */ = {isa = PBXFileReference; fileEncoding = 4; lastKnownFileType = sourcecode.c.objc; path = MD5DataSigner.m; sourceTree = "<group>"; };
		B2E48AB71FAFFA8200725555 /* NSDataEx.h */ = {isa = PBXFileReference; fileEncoding = 4; lastKnownFileType = sourcecode.c.h; path = NSDataEx.h; sourceTree = "<group>"; };
		B2E48AB81FAFFA8200725555 /* NSDataEx.m */ = {isa = PBXFileReference; fileEncoding = 4; lastKnownFileType = sourcecode.c.objc; path = NSDataEx.m; sourceTree = "<group>"; };
		B2E48AB91FAFFA8200725555 /* openssl_wrapper.h */ = {isa = PBXFileReference; fileEncoding = 4; lastKnownFileType = sourcecode.c.h; path = openssl_wrapper.h; sourceTree = "<group>"; };
		B2E48ABA1FAFFA8200725555 /* openssl_wrapper.m */ = {isa = PBXFileReference; fileEncoding = 4; lastKnownFileType = sourcecode.c.objc; path = openssl_wrapper.m; sourceTree = "<group>"; };
		B2E48ABB1FAFFA8200725555 /* RSADataSigner.h */ = {isa = PBXFileReference; fileEncoding = 4; lastKnownFileType = sourcecode.c.h; path = RSADataSigner.h; sourceTree = "<group>"; };
		B2E48ABC1FAFFA8200725555 /* RSADataSigner.m */ = {isa = PBXFileReference; fileEncoding = 4; lastKnownFileType = sourcecode.c.objc; path = RSADataSigner.m; sourceTree = "<group>"; };
		B2E48ABD1FAFFA8200725555 /* RSADataVerifier.h */ = {isa = PBXFileReference; fileEncoding = 4; lastKnownFileType = sourcecode.c.h; path = RSADataVerifier.h; sourceTree = "<group>"; };
		B2E48ABE1FAFFA8200725555 /* RSADataVerifier.m */ = {isa = PBXFileReference; fileEncoding = 4; lastKnownFileType = sourcecode.c.objc; path = RSADataVerifier.m; sourceTree = "<group>"; };
		B2E48AC01FAFFA8300725555 /* GBAlipayConfig.h */ = {isa = PBXFileReference; fileEncoding = 4; lastKnownFileType = sourcecode.c.h; path = GBAlipayConfig.h; sourceTree = "<group>"; };
		B2E48AC11FAFFA8300725555 /* GBAlipayManager.h */ = {isa = PBXFileReference; fileEncoding = 4; lastKnownFileType = sourcecode.c.h; path = GBAlipayManager.h; sourceTree = "<group>"; };
		B2E48AC21FAFFA8300725555 /* GBAlipayManager.m */ = {isa = PBXFileReference; fileEncoding = 4; lastKnownFileType = sourcecode.c.objc; path = GBAlipayManager.m; sourceTree = "<group>"; };
		B2E48AD01FAFFB1600725555 /* CoreTelephony.framework */ = {isa = PBXFileReference; lastKnownFileType = wrapper.framework; name = CoreTelephony.framework; path = System/Library/Frameworks/CoreTelephony.framework; sourceTree = SDKROOT; };
		B2E48AD21FAFFB2000725555 /* CoreMotion.framework */ = {isa = PBXFileReference; lastKnownFileType = wrapper.framework; name = CoreMotion.framework; path = System/Library/Frameworks/CoreMotion.framework; sourceTree = SDKROOT; };
/* End PBXFileReference section */

/* Begin PBXFrameworksBuildPhase section */
		B26D93271FA80AC3008F6715 /* Frameworks */ = {
			isa = PBXFrameworksBuildPhase;
			buildActionMask = 2147483647;
			files = (
				B2E48AD31FAFFB2100725555 /* CoreMotion.framework in Frameworks */,
				B2E48AD11FAFFB1600725555 /* CoreTelephony.framework in Frameworks */,
				B2E48ACC1FAFFACC00725555 /* AlipaySDK.framework in Frameworks */,
				B2E48ACD1FAFFACC00725555 /* AlipaySDK.bundle in Frameworks */,
				B2E48ACE1FAFFACC00725555 /* libcrypto.a in Frameworks */,
				B2E48ACF1FAFFACC00725555 /* libssl.a in Frameworks */,
				B2E48A8D1FAFF98500725555 /* libc++.tbd in Frameworks */,
				B2E48A8C1FAFF97D00725555 /* libz.tbd in Frameworks */,
				B2E48A831FAFF87100725555 /* Openssl.framework in Frameworks */,
			);
			runOnlyForDeploymentPostprocessing = 0;
		};
		B26D93421FA80AC4008F6715 /* Frameworks */ = {
			isa = PBXFrameworksBuildPhase;
			buildActionMask = 2147483647;
			files = (
			);
			runOnlyForDeploymentPostprocessing = 0;
		};
		B26D934D1FA80AC4008F6715 /* Frameworks */ = {
			isa = PBXFrameworksBuildPhase;
			buildActionMask = 2147483647;
			files = (
			);
			runOnlyForDeploymentPostprocessing = 0;
		};
/* End PBXFrameworksBuildPhase section */

/* Begin PBXGroup section */
		8415B0491FB037240081B393 /* Hotel */ = {
			isa = PBXGroup;
			children = (
				8415B04A1FB037450081B393 /* HotelTableViewController.h */,
				8415B04B1FB037450081B393 /* HotelTableViewController.m */,
				8415B0501FB037A20081B393 /* PostedViewController.h */,
				8415B0511FB037A20081B393 /* PostedViewController.m */,
			);
			name = Hotel;
			path = "New Group";
			sourceTree = "<group>";
		};
		B26D93211FA80AC3008F6715 = {
			isa = PBXGroup;
			children = (
				B26D932C1FA80AC3008F6715 /* GetHotels */,
				B26D93481FA80AC4008F6715 /* GetHotelsTests */,
				B26D93531FA80AC4008F6715 /* GetHotelsUITests */,
				B26D932B1FA80AC3008F6715 /* Products */,
				B26D93721FA8461E008F6715 /* Frameworks */,
				F18183D4C3123ED967EA6FDE /* Pods */,
			);
			sourceTree = "<group>";
		};
		B26D932B1FA80AC3008F6715 /* Products */ = {
			isa = PBXGroup;
			children = (
				B26D932A1FA80AC3008F6715 /* GetHotels.app */,
				B26D93451FA80AC4008F6715 /* GetHotelsTests.xctest */,
				B26D93501FA80AC4008F6715 /* GetHotelsUITests.xctest */,
			);
			name = Products;
			sourceTree = "<group>";
		};
		B26D932C1FA80AC3008F6715 /* GetHotels */ = {
			isa = PBXGroup;
			children = (
				B2BC96B11FB295FB002C0AF5 /* Cities.plist */,
				B2E48A621FAFF85800725555 /* 3rd */,
				B2E48A211FAFF85700725555 /* Constant */,
				B2E48A231FAFF85700725555 /* Model */,
				B2E48A5C1FAFF85700725555 /* View */,
				B2E48A511FAFF85700725555 /* Controller */,
				B2E48A281FAFF85700725555 /* Utility */,
				B26D932D1FA80AC3008F6715 /* AppDelegate.h */,
				B26D932E1FA80AC3008F6715 /* AppDelegate.m */,
				B26D933E1FA80AC3008F6715 /* Info.plist */,
				B26D933F1FA80AC3008F6715 /* main.m */,
				B2E48A151FAFF49100725555 /* PrefixHeader.pch */,
			);
			path = GetHotels;
			sourceTree = "<group>";
		};
		B26D93481FA80AC4008F6715 /* GetHotelsTests */ = {
			isa = PBXGroup;
			children = (
				B26D93491FA80AC4008F6715 /* GetHotelsTests.m */,
				B26D934B1FA80AC4008F6715 /* Info.plist */,
			);
			path = GetHotelsTests;
			sourceTree = "<group>";
		};
		B26D93531FA80AC4008F6715 /* GetHotelsUITests */ = {
			isa = PBXGroup;
			children = (
				B26D93541FA80AC4008F6715 /* GetHotelsUITests.m */,
				B26D93561FA80AC4008F6715 /* Info.plist */,
			);
			path = GetHotelsUITests;
			sourceTree = "<group>";
		};
		B26D93721FA8461E008F6715 /* Frameworks */ = {
			isa = PBXGroup;
			children = (
				B2E48AD21FAFFB2000725555 /* CoreMotion.framework */,
				B2E48AD01FAFFB1600725555 /* CoreTelephony.framework */,
				B2E48A871FAFF8F100725555 /* AlipaySDK.bundle */,
				B2E48A841FAFF8F000725555 /* AlipaySDK.framework */,
				B2E48A851FAFF8F000725555 /* libcrypto.a */,
				B2E48A861FAFF8F000725555 /* libssl.a */,
				B2E48A821FAFF87000725555 /* Openssl.framework */,
				B2E48A131FAFF2D500725555 /* libz.tbd */,
				B2E48A111FAFF2C700725555 /* libc++.tbd */,
				B26D93791FA84A65008F6715 /* UIKit.framework */,
				B26D93771FA84A5D008F6715 /* CoreGraphics.framework */,
				B26D93751FA84A50008F6715 /* Foundation.framework */,
				B26D93731FA8461F008F6715 /* RKSwipeBetweenViewControllers.podspec */,
			);
			name = Frameworks;
			sourceTree = "<group>";
		};
		B2E48A211FAFF85700725555 /* Constant */ = {
			isa = PBXGroup;
			children = (
				B2E48A221FAFF85700725555 /* Constants.h */,
			);
			path = Constant;
			sourceTree = "<group>";
		};
		B2E48A231FAFF85700725555 /* Model */ = {
			isa = PBXGroup;
			children = (
				B27E42BC1FB1851700C2093D /* HotelModel.h */,
				B27E42BB1FB1851700C2093D /* HotelModel.m */,
				B27E42B91FB1851600C2093D /* offerModel.h */,
				B27E42BA1FB1851700C2093D /* offerModel.m */,
				B2E48A241FAFF85700725555 /* GetHotels.xcdatamodeld */,
				B2E48A261FAFF85700725555 /* Order.h */,
				B2E48A271FAFF85700725555 /* Order.m */,
			);
			path = Model;
			sourceTree = "<group>";
		};
		B2E48A281FAFF85700725555 /* Utility */ = {
			isa = PBXGroup;
			children = (
				B2E48ABF1FAFFA8300725555 /* AliMgr */,
				B2E48AAD1FAFFA8200725555 /* AliUtil */,
				B2E48A3F1FAFF85700725555 /* AppAPIClient.h */,
				B2E48A401FAFF85700725555 /* AppAPIClient.m */,
				B2E48A411FAFF85700725555 /* ErrorHandler.h */,
				B2E48A421FAFF85700725555 /* ErrorHandler.m */,
				B2E48A431FAFF85700725555 /* NSData+Base64.h */,
				B2E48A441FAFF85700725555 /* NSData+Base64.m */,
				B2E48A451FAFF85700725555 /* NSDate+Utility.h */,
				B2E48A461FAFF85700725555 /* NSDate+Utility.m */,
				B2E48A471FAFF85700725555 /* NSDateFormatter+Category.h */,
				B2E48A481FAFF85700725555 /* NSDateFormatter+Category.m */,
				B2E48A491FAFF85700725555 /* NSString+Crypt.h */,
				B2E48A4A1FAFF85700725555 /* NSString+Crypt.m */,
				B2E48A4B1FAFF85700725555 /* RequestAPI.h */,
				B2E48A4C1FAFF85700725555 /* RequestAPI.m */,
				B2E48A4D1FAFF85700725555 /* StorageMgr.h */,
				B2E48A4E1FAFF85700725555 /* StorageMgr.m */,
				B2E48A4F1FAFF85700725555 /* Utilities.h */,
				B2E48A501FAFF85700725555 /* Utilities.m */,
			);
			path = Utility;
			sourceTree = "<group>";
		};
		B2E48A511FAFF85700725555 /* Controller */ = {
			isa = PBXGroup;
			children = (
				8415B0491FB037240081B393 /* Hotel */,
				B2E48A521FAFF85700725555 /* Air */,
				B2D9F17F1FB0525A009FB5CF /* TabbarViewController.h */,
				B2D9F1801FB0525A009FB5CF /* TabbarViewController.m */,
			);
			path = Controller;
			sourceTree = "<group>";
		};
		B2E48A521FAFF85700725555 /* Air */ = {
			isa = PBXGroup;
			children = (
				B2E48A531FAFF85700725555 /* AirTableViewCell.h */,
				B2E48A541FAFF85700725555 /* AirTableViewCell.m */,
				B2E48A551FAFF85700725555 /* AirViewController.h */,
				B2E48A561FAFF85700725555 /* AirViewController.m */,
				B27E42BF1FB1999000C2093D /* QuoteViewController.h */,
				B27E42C01FB1999000C2093D /* QuoteViewController.m */,
			);
			path = Air;
			sourceTree = "<group>";
		};
		B2E48A5C1FAFF85700725555 /* View */ = {
			isa = PBXGroup;
			children = (
				B2E48A571FAFF85700725555 /* CanOfferTableViewController.h */,
				B2E48A581FAFF85700725555 /* CanOfferTableViewController.m */,
				B2E48A591FAFF85700725555 /* CantOfferTableViewController.h */,
				B2E48A5A1FAFF85700725555 /* CantOfferTableViewController.m */,
				B2D8B6B71FB04354003A2208 /* CityTableViewController.h */,
				B2D8B6B81FB04354003A2208 /* CityTableViewController.m */,
				8415B0531FB0402C0081B393 /* HotelTableViewCell.h */,
				8415B0541FB0402C0081B393 /* HotelTableViewCell.m */,
				B2E48A601FAFF85700725555 /* Main.storyboard */,
				B2E48A5D1FAFF85700725555 /* Assets.xcassets */,
				B2E48A5E1FAFF85700725555 /* LaunchScreen.storyboard */,
				8415B0471FB036250081B393 /* HotelStoryboard.storyboard */,
				B2D8B6BA1FB049FA003A2208 /* Air.storyboard */,
			);
			path = View;
			sourceTree = "<group>";
		};
		B2E48A621FAFF85800725555 /* 3rd */ = {
			isa = PBXGroup;
			children = (
				B2E48A631FAFF85800725555 /* SCZ-BasicEncodingRules */,
			);
			path = 3rd;
			sourceTree = "<group>";
		};
		B2E48A631FAFF85800725555 /* SCZ-BasicEncodingRules */ = {
			isa = PBXGroup;
			children = (
				B2E48A641FAFF85800725555 /* BasicEncodingRules.h */,
				B2E48A651FAFF85800725555 /* BasicEncodingRules.m */,
			);
			path = "SCZ-BasicEncodingRules";
			sourceTree = "<group>";
		};
		B2E48AAD1FAFFA8200725555 /* AliUtil */ = {
			isa = PBXGroup;
			children = (
				B2E48AAE1FAFFA8200725555 /* base64.h */,
				B2E48AAF1FAFFA8200725555 /* base64.m */,
				B2E48AB01FAFFA8200725555 /* config.h */,
				B2E48AB11FAFFA8200725555 /* DataSigner.h */,
				B2E48AB21FAFFA8200725555 /* DataSigner.m */,
				B2E48AB31FAFFA8200725555 /* DataVerifier.h */,
				B2E48AB41FAFFA8200725555 /* DataVerifier.m */,
				B2E48AB51FAFFA8200725555 /* MD5DataSigner.h */,
				B2E48AB61FAFFA8200725555 /* MD5DataSigner.m */,
				B2E48AB71FAFFA8200725555 /* NSDataEx.h */,
				B2E48AB81FAFFA8200725555 /* NSDataEx.m */,
				B2E48AB91FAFFA8200725555 /* openssl_wrapper.h */,
				B2E48ABA1FAFFA8200725555 /* openssl_wrapper.m */,
				B2E48ABB1FAFFA8200725555 /* RSADataSigner.h */,
				B2E48ABC1FAFFA8200725555 /* RSADataSigner.m */,
				B2E48ABD1FAFFA8200725555 /* RSADataVerifier.h */,
				B2E48ABE1FAFFA8200725555 /* RSADataVerifier.m */,
			);
			path = AliUtil;
			sourceTree = "<group>";
		};
		B2E48ABF1FAFFA8300725555 /* AliMgr */ = {
			isa = PBXGroup;
			children = (
				B2E48AC01FAFFA8300725555 /* GBAlipayConfig.h */,
				B2E48AC11FAFFA8300725555 /* GBAlipayManager.h */,
				B2E48AC21FAFFA8300725555 /* GBAlipayManager.m */,
			);
			path = AliMgr;
			sourceTree = "<group>";
		};
		F18183D4C3123ED967EA6FDE /* Pods */ = {
			isa = PBXGroup;
			children = (
				7D532D60D38CE01E51BAB8ED /* Pods-GetHotels.debug.xcconfig */,
				595A8923C5E5A46B4E74E0FD /* Pods-GetHotels.release.xcconfig */,
			);
			name = Pods;
			sourceTree = "<group>";
		};
/* End PBXGroup section */

/* Begin PBXNativeTarget section */
		B26D93291FA80AC3008F6715 /* GetHotels */ = {
			isa = PBXNativeTarget;
			buildConfigurationList = B26D93591FA80AC4008F6715 /* Build configuration list for PBXNativeTarget "GetHotels" */;
			buildPhases = (
				E95508AD92D4ABB274894173 /* [CP] Check Pods Manifest.lock */,
				B26D93261FA80AC3008F6715 /* Sources */,
				B26D93271FA80AC3008F6715 /* Frameworks */,
				B26D93281FA80AC3008F6715 /* Resources */,
				1F4B9B0292CE77C9B3B058F4 /* [CP] Embed Pods Frameworks */,
				9C08E02D6460F20499DB9F02 /* [CP] Copy Pods Resources */,
			);
			buildRules = (
			);
			dependencies = (
			);
			name = GetHotels;
			productName = GetHotels;
			productReference = B26D932A1FA80AC3008F6715 /* GetHotels.app */;
			productType = "com.apple.product-type.application";
		};
		B26D93441FA80AC4008F6715 /* GetHotelsTests */ = {
			isa = PBXNativeTarget;
			buildConfigurationList = B26D935C1FA80AC4008F6715 /* Build configuration list for PBXNativeTarget "GetHotelsTests" */;
			buildPhases = (
				B26D93411FA80AC4008F6715 /* Sources */,
				B26D93421FA80AC4008F6715 /* Frameworks */,
				B26D93431FA80AC4008F6715 /* Resources */,
			);
			buildRules = (
			);
			dependencies = (
				B26D93471FA80AC4008F6715 /* PBXTargetDependency */,
			);
			name = GetHotelsTests;
			productName = GetHotelsTests;
			productReference = B26D93451FA80AC4008F6715 /* GetHotelsTests.xctest */;
			productType = "com.apple.product-type.bundle.unit-test";
		};
		B26D934F1FA80AC4008F6715 /* GetHotelsUITests */ = {
			isa = PBXNativeTarget;
			buildConfigurationList = B26D935F1FA80AC4008F6715 /* Build configuration list for PBXNativeTarget "GetHotelsUITests" */;
			buildPhases = (
				B26D934C1FA80AC4008F6715 /* Sources */,
				B26D934D1FA80AC4008F6715 /* Frameworks */,
				B26D934E1FA80AC4008F6715 /* Resources */,
			);
			buildRules = (
			);
			dependencies = (
				B26D93521FA80AC4008F6715 /* PBXTargetDependency */,
			);
			name = GetHotelsUITests;
			productName = GetHotelsUITests;
			productReference = B26D93501FA80AC4008F6715 /* GetHotelsUITests.xctest */;
			productType = "com.apple.product-type.bundle.ui-testing";
		};
/* End PBXNativeTarget section */

/* Begin PBXProject section */
		B26D93221FA80AC3008F6715 /* Project object */ = {
			isa = PBXProject;
			attributes = {
				LastUpgradeCheck = 0900;
				ORGANIZATIONNAME = Education;
				TargetAttributes = {
					B26D93291FA80AC3008F6715 = {
						CreatedOnToolsVersion = 9.0;
						ProvisioningStyle = Automatic;
					};
					B26D93441FA80AC4008F6715 = {
						CreatedOnToolsVersion = 9.0;
						ProvisioningStyle = Automatic;
						TestTargetID = B26D93291FA80AC3008F6715;
					};
					B26D934F1FA80AC4008F6715 = {
						CreatedOnToolsVersion = 9.0;
						ProvisioningStyle = Automatic;
						TestTargetID = B26D93291FA80AC3008F6715;
					};
				};
			};
			buildConfigurationList = B26D93251FA80AC3008F6715 /* Build configuration list for PBXProject "GetHotels" */;
			compatibilityVersion = "Xcode 8.0";
			developmentRegion = en;
			hasScannedForEncodings = 0;
			knownRegions = (
				en,
				Base,
			);
			mainGroup = B26D93211FA80AC3008F6715;
			productRefGroup = B26D932B1FA80AC3008F6715 /* Products */;
			projectDirPath = "";
			projectRoot = "";
			targets = (
				B26D93291FA80AC3008F6715 /* GetHotels */,
				B26D93441FA80AC4008F6715 /* GetHotelsTests */,
				B26D934F1FA80AC4008F6715 /* GetHotelsUITests */,
			);
		};
/* End PBXProject section */

/* Begin PBXResourcesBuildPhase section */
		B26D93281FA80AC3008F6715 /* Resources */ = {
			isa = PBXResourcesBuildPhase;
			buildActionMask = 2147483647;
			files = (
				B2E48A801FAFF85800725555 /* Main.storyboard in Resources */,
				B2E48A7E1FAFF85800725555 /* Assets.xcassets in Resources */,
				8415B0481FB036250081B393 /* HotelStoryboard.storyboard in Resources */,
				B2E48A7F1FAFF85800725555 /* LaunchScreen.storyboard in Resources */,
				B2D8B6BB1FB049FA003A2208 /* Air.storyboard in Resources */,
				B2BC96B21FB295FC002C0AF5 /* Cities.plist in Resources */,
			);
			runOnlyForDeploymentPostprocessing = 0;
		};
		B26D93431FA80AC4008F6715 /* Resources */ = {
			isa = PBXResourcesBuildPhase;
			buildActionMask = 2147483647;
			files = (
			);
			runOnlyForDeploymentPostprocessing = 0;
		};
		B26D934E1FA80AC4008F6715 /* Resources */ = {
			isa = PBXResourcesBuildPhase;
			buildActionMask = 2147483647;
			files = (
			);
			runOnlyForDeploymentPostprocessing = 0;
		};
/* End PBXResourcesBuildPhase section */

/* Begin PBXShellScriptBuildPhase section */
		1F4B9B0292CE77C9B3B058F4 /* [CP] Embed Pods Frameworks */ = {
			isa = PBXShellScriptBuildPhase;
			buildActionMask = 2147483647;
			files = (
			);
			inputPaths = (
			);
			name = "[CP] Embed Pods Frameworks";
			outputPaths = (
			);
			runOnlyForDeploymentPostprocessing = 0;
			shellPath = /bin/sh;
			shellScript = "\"${SRCROOT}/Pods/Target Support Files/Pods-GetHotels/Pods-GetHotels-frameworks.sh\"\n";
			showEnvVarsInLog = 0;
		};
		9C08E02D6460F20499DB9F02 /* [CP] Copy Pods Resources */ = {
			isa = PBXShellScriptBuildPhase;
			buildActionMask = 2147483647;
			files = (
			);
			inputPaths = (
			);
			name = "[CP] Copy Pods Resources";
			outputPaths = (
			);
			runOnlyForDeploymentPostprocessing = 0;
			shellPath = /bin/sh;
			shellScript = "\"${SRCROOT}/Pods/Target Support Files/Pods-GetHotels/Pods-GetHotels-resources.sh\"\n";
			showEnvVarsInLog = 0;
		};
		E95508AD92D4ABB274894173 /* [CP] Check Pods Manifest.lock */ = {
			isa = PBXShellScriptBuildPhase;
			buildActionMask = 2147483647;
			files = (
			);
			inputPaths = (
				"${PODS_PODFILE_DIR_PATH}/Podfile.lock",
				"${PODS_ROOT}/Manifest.lock",
			);
			name = "[CP] Check Pods Manifest.lock";
			outputPaths = (
				"$(DERIVED_FILE_DIR)/Pods-GetHotels-checkManifestLockResult.txt",
			);
			runOnlyForDeploymentPostprocessing = 0;
			shellPath = /bin/sh;
			shellScript = "diff \"${PODS_PODFILE_DIR_PATH}/Podfile.lock\" \"${PODS_ROOT}/Manifest.lock\" > /dev/null\nif [ $? != 0 ] ; then\n    # print error to STDERR\n    echo \"error: The sandbox is not in sync with the Podfile.lock. Run 'pod install' or update your CocoaPods installation.\" >&2\n    exit 1\nfi\n# This output is used by Xcode 'outputs' to avoid re-running this script phase.\necho \"SUCCESS\" > \"${SCRIPT_OUTPUT_FILE_0}\"\n";
			showEnvVarsInLog = 0;
		};
/* End PBXShellScriptBuildPhase section */

/* Begin PBXSourcesBuildPhase section */
		B26D93261FA80AC3008F6715 /* Sources */ = {
			isa = PBXSourcesBuildPhase;
			buildActionMask = 2147483647;
			files = (
				B2E48ACA1FAFFA8400725555 /* RSADataVerifier.m in Sources */,
				B2E48AC71FAFFA8400725555 /* NSDataEx.m in Sources */,
				B2E48A761FAFF85800725555 /* NSString+Crypt.m in Sources */,
				B2E48A751FAFF85800725555 /* NSDateFormatter+Category.m in Sources */,
				B2E48A7D1FAFF85800725555 /* CantOfferTableViewController.m in Sources */,
				B27E42C11FB1999000C2093D /* QuoteViewController.m in Sources */,
				B2E48A791FAFF85800725555 /* Utilities.m in Sources */,
				B2D8B6B91FB04354003A2208 /* CityTableViewController.m in Sources */,
				8415B0521FB037A20081B393 /* PostedViewController.m in Sources */,
				B2E48A7C1FAFF85800725555 /* CanOfferTableViewController.m in Sources */,
				B2E48A7A1FAFF85800725555 /* AirTableViewCell.m in Sources */,
				8415B04C1FB037450081B393 /* HotelTableViewController.m in Sources */,
				B2E48AC51FAFFA8400725555 /* DataVerifier.m in Sources */,
				B2E48AC81FAFFA8400725555 /* openssl_wrapper.m in Sources */,
				B2E48ACB1FAFFA8400725555 /* GBAlipayManager.m in Sources */,
				B2E48A7B1FAFF85800725555 /* AirViewController.m in Sources */,
				B2E48A731FAFF85800725555 /* NSData+Base64.m in Sources */,
				B26D93401FA80AC3008F6715 /* main.m in Sources */,
				B2E48AC91FAFFA8400725555 /* RSADataSigner.m in Sources */,
				B27E42BD1FB1851800C2093D /* offerModel.m in Sources */,
				B2E48A661FAFF85800725555 /* GetHotels.xcdatamodeld in Sources */,
				B2E48A771FAFF85800725555 /* RequestAPI.m in Sources */,
				B2E48AC31FAFFA8400725555 /* base64.m in Sources */,
				B2E48A811FAFF85800725555 /* BasicEncodingRules.m in Sources */,
				B2E48AC61FAFFA8400725555 /* MD5DataSigner.m in Sources */,
				B2E48A781FAFF85800725555 /* StorageMgr.m in Sources */,
				B2E48A721FAFF85800725555 /* ErrorHandler.m in Sources */,
				8415B0551FB0402C0081B393 /* HotelTableViewCell.m in Sources */,
				B2E48A711FAFF85800725555 /* AppAPIClient.m in Sources */,
				B2E48A741FAFF85800725555 /* NSDate+Utility.m in Sources */,
				B2D9F1811FB0525A009FB5CF /* TabbarViewController.m in Sources */,
				B2E48AC41FAFFA8400725555 /* DataSigner.m in Sources */,
				B2E48A671FAFF85800725555 /* Order.m in Sources */,
				B27E42BE1FB1851800C2093D /* HotelModel.m in Sources */,
				B26D932F1FA80AC3008F6715 /* AppDelegate.m in Sources */,
			);
			runOnlyForDeploymentPostprocessing = 0;
		};
		B26D93411FA80AC4008F6715 /* Sources */ = {
			isa = PBXSourcesBuildPhase;
			buildActionMask = 2147483647;
			files = (
				B26D934A1FA80AC4008F6715 /* GetHotelsTests.m in Sources */,
			);
			runOnlyForDeploymentPostprocessing = 0;
		};
		B26D934C1FA80AC4008F6715 /* Sources */ = {
			isa = PBXSourcesBuildPhase;
			buildActionMask = 2147483647;
			files = (
				B26D93551FA80AC4008F6715 /* GetHotelsUITests.m in Sources */,
			);
			runOnlyForDeploymentPostprocessing = 0;
		};
/* End PBXSourcesBuildPhase section */

/* Begin PBXTargetDependency section */
		B26D93471FA80AC4008F6715 /* PBXTargetDependency */ = {
			isa = PBXTargetDependency;
			target = B26D93291FA80AC3008F6715 /* GetHotels */;
			targetProxy = B26D93461FA80AC4008F6715 /* PBXContainerItemProxy */;
		};
		B26D93521FA80AC4008F6715 /* PBXTargetDependency */ = {
			isa = PBXTargetDependency;
			target = B26D93291FA80AC3008F6715 /* GetHotels */;
			targetProxy = B26D93511FA80AC4008F6715 /* PBXContainerItemProxy */;
		};
/* End PBXTargetDependency section */

/* Begin PBXVariantGroup section */
		B2E48A5E1FAFF85700725555 /* LaunchScreen.storyboard */ = {
			isa = PBXVariantGroup;
			children = (
				B2E48A5F1FAFF85700725555 /* Base */,
			);
			name = LaunchScreen.storyboard;
			sourceTree = "<group>";
		};
		B2E48A601FAFF85700725555 /* Main.storyboard */ = {
			isa = PBXVariantGroup;
			children = (
				B2E48A611FAFF85700725555 /* Base */,
			);
			name = Main.storyboard;
			sourceTree = "<group>";
		};
/* End PBXVariantGroup section */

/* Begin XCBuildConfiguration section */
		B26D93571FA80AC4008F6715 /* Debug */ = {
			isa = XCBuildConfiguration;
			buildSettings = {
				ALWAYS_SEARCH_USER_PATHS = NO;
				CLANG_ANALYZER_NONNULL = YES;
				CLANG_ANALYZER_NUMBER_OBJECT_CONVERSION = YES_AGGRESSIVE;
				CLANG_CXX_LANGUAGE_STANDARD = "gnu++14";
				CLANG_CXX_LIBRARY = "libc++";
				CLANG_ENABLE_MODULES = YES;
				CLANG_ENABLE_OBJC_ARC = YES;
				CLANG_WARN_BLOCK_CAPTURE_AUTORELEASING = YES;
				CLANG_WARN_BOOL_CONVERSION = YES;
				CLANG_WARN_COMMA = YES;
				CLANG_WARN_CONSTANT_CONVERSION = YES;
				CLANG_WARN_DIRECT_OBJC_ISA_USAGE = YES_ERROR;
				CLANG_WARN_DOCUMENTATION_COMMENTS = YES;
				CLANG_WARN_EMPTY_BODY = YES;
				CLANG_WARN_ENUM_CONVERSION = YES;
				CLANG_WARN_INFINITE_RECURSION = YES;
				CLANG_WARN_INT_CONVERSION = YES;
				CLANG_WARN_NON_LITERAL_NULL_CONVERSION = YES;
				CLANG_WARN_OBJC_LITERAL_CONVERSION = YES;
				CLANG_WARN_OBJC_ROOT_CLASS = YES_ERROR;
				CLANG_WARN_RANGE_LOOP_ANALYSIS = YES;
				CLANG_WARN_STRICT_PROTOTYPES = YES;
				CLANG_WARN_SUSPICIOUS_MOVE = YES;
				CLANG_WARN_UNGUARDED_AVAILABILITY = YES_AGGRESSIVE;
				CLANG_WARN_UNREACHABLE_CODE = YES;
				CLANG_WARN__DUPLICATE_METHOD_MATCH = YES;
				CODE_SIGN_IDENTITY = "iPhone Developer";
				COPY_PHASE_STRIP = NO;
				DEBUG_INFORMATION_FORMAT = dwarf;
				ENABLE_STRICT_OBJC_MSGSEND = YES;
				ENABLE_TESTABILITY = YES;
				GCC_C_LANGUAGE_STANDARD = gnu11;
				GCC_DYNAMIC_NO_PIC = NO;
				GCC_NO_COMMON_BLOCKS = YES;
				GCC_OPTIMIZATION_LEVEL = 0;
				GCC_PREPROCESSOR_DEFINITIONS = (
					"DEBUG=1",
					"$(inherited)",
				);
				GCC_WARN_64_TO_32_BIT_CONVERSION = YES;
				GCC_WARN_ABOUT_RETURN_TYPE = YES_ERROR;
				GCC_WARN_UNDECLARED_SELECTOR = YES;
				GCC_WARN_UNINITIALIZED_AUTOS = YES_AGGRESSIVE;
				GCC_WARN_UNUSED_FUNCTION = YES;
				GCC_WARN_UNUSED_VARIABLE = YES;
				IPHONEOS_DEPLOYMENT_TARGET = 11.0;
				MTL_ENABLE_DEBUG_INFO = YES;
				ONLY_ACTIVE_ARCH = YES;
				SDKROOT = iphoneos;
			};
			name = Debug;
		};
		B26D93581FA80AC4008F6715 /* Release */ = {
			isa = XCBuildConfiguration;
			buildSettings = {
				ALWAYS_SEARCH_USER_PATHS = NO;
				CLANG_ANALYZER_NONNULL = YES;
				CLANG_ANALYZER_NUMBER_OBJECT_CONVERSION = YES_AGGRESSIVE;
				CLANG_CXX_LANGUAGE_STANDARD = "gnu++14";
				CLANG_CXX_LIBRARY = "libc++";
				CLANG_ENABLE_MODULES = YES;
				CLANG_ENABLE_OBJC_ARC = YES;
				CLANG_WARN_BLOCK_CAPTURE_AUTORELEASING = YES;
				CLANG_WARN_BOOL_CONVERSION = YES;
				CLANG_WARN_COMMA = YES;
				CLANG_WARN_CONSTANT_CONVERSION = YES;
				CLANG_WARN_DIRECT_OBJC_ISA_USAGE = YES_ERROR;
				CLANG_WARN_DOCUMENTATION_COMMENTS = YES;
				CLANG_WARN_EMPTY_BODY = YES;
				CLANG_WARN_ENUM_CONVERSION = YES;
				CLANG_WARN_INFINITE_RECURSION = YES;
				CLANG_WARN_INT_CONVERSION = YES;
				CLANG_WARN_NON_LITERAL_NULL_CONVERSION = YES;
				CLANG_WARN_OBJC_LITERAL_CONVERSION = YES;
				CLANG_WARN_OBJC_ROOT_CLASS = YES_ERROR;
				CLANG_WARN_RANGE_LOOP_ANALYSIS = YES;
				CLANG_WARN_STRICT_PROTOTYPES = YES;
				CLANG_WARN_SUSPICIOUS_MOVE = YES;
				CLANG_WARN_UNGUARDED_AVAILABILITY = YES_AGGRESSIVE;
				CLANG_WARN_UNREACHABLE_CODE = YES;
				CLANG_WARN__DUPLICATE_METHOD_MATCH = YES;
				CODE_SIGN_IDENTITY = "iPhone Developer";
				COPY_PHASE_STRIP = NO;
				DEBUG_INFORMATION_FORMAT = "dwarf-with-dsym";
				ENABLE_NS_ASSERTIONS = NO;
				ENABLE_STRICT_OBJC_MSGSEND = YES;
				GCC_C_LANGUAGE_STANDARD = gnu11;
				GCC_NO_COMMON_BLOCKS = YES;
				GCC_WARN_64_TO_32_BIT_CONVERSION = YES;
				GCC_WARN_ABOUT_RETURN_TYPE = YES_ERROR;
				GCC_WARN_UNDECLARED_SELECTOR = YES;
				GCC_WARN_UNINITIALIZED_AUTOS = YES_AGGRESSIVE;
				GCC_WARN_UNUSED_FUNCTION = YES;
				GCC_WARN_UNUSED_VARIABLE = YES;
				IPHONEOS_DEPLOYMENT_TARGET = 11.0;
				MTL_ENABLE_DEBUG_INFO = NO;
				SDKROOT = iphoneos;
				VALIDATE_PRODUCT = YES;
			};
			name = Release;
		};
		B26D935A1FA80AC4008F6715 /* Debug */ = {
			isa = XCBuildConfiguration;
			baseConfigurationReference = 7D532D60D38CE01E51BAB8ED /* Pods-GetHotels.debug.xcconfig */;
			buildSettings = {
				ASSETCATALOG_COMPILER_APPICON_NAME = AppIcon;
				CODE_SIGN_STYLE = Automatic;
				FRAMEWORK_SEARCH_PATHS = (
					"$(inherited)",
					"$(PROJECT_DIR)",
					"$(PROJECT_DIR)/GetHotels",
				);
				GCC_PRECOMPILE_PREFIX_HEADER = YES;
				GCC_PREFIX_HEADER = GetHotels/PrefixHeader.pch;
				INFOPLIST_FILE = GetHotels/Info.plist;
				LD_RUNPATH_SEARCH_PATHS = "$(inherited) @executable_path/Frameworks";
				LIBRARY_SEARCH_PATHS = (
					"$(inherited)",
					"$(PROJECT_DIR)",
					"$(PROJECT_DIR)/GetHotels",
				);
				PRODUCT_BUNDLE_IDENTIFIER = self.edu.GetHotels;
				PRODUCT_NAME = "$(TARGET_NAME)";
				TARGETED_DEVICE_FAMILY = "1,2";
			};
			name = Debug;
		};
		B26D935B1FA80AC4008F6715 /* Release */ = {
			isa = XCBuildConfiguration;
			baseConfigurationReference = 595A8923C5E5A46B4E74E0FD /* Pods-GetHotels.release.xcconfig */;
			buildSettings = {
				ASSETCATALOG_COMPILER_APPICON_NAME = AppIcon;
				CODE_SIGN_STYLE = Automatic;
				FRAMEWORK_SEARCH_PATHS = (
					"$(inherited)",
					"$(PROJECT_DIR)",
					"$(PROJECT_DIR)/GetHotels",
				);
				GCC_PRECOMPILE_PREFIX_HEADER = YES;
				GCC_PREFIX_HEADER = GetHotels/PrefixHeader.pch;
				INFOPLIST_FILE = GetHotels/Info.plist;
				LD_RUNPATH_SEARCH_PATHS = "$(inherited) @executable_path/Frameworks";
				LIBRARY_SEARCH_PATHS = (
					"$(inherited)",
					"$(PROJECT_DIR)",
					"$(PROJECT_DIR)/GetHotels",
				);
				PRODUCT_BUNDLE_IDENTIFIER = self.edu.GetHotels;
				PRODUCT_NAME = "$(TARGET_NAME)";
				TARGETED_DEVICE_FAMILY = "1,2";
			};
			name = Release;
		};
		B26D935D1FA80AC4008F6715 /* Debug */ = {
			isa = XCBuildConfiguration;
			buildSettings = {
				BUNDLE_LOADER = "$(TEST_HOST)";
				CODE_SIGN_STYLE = Automatic;
				INFOPLIST_FILE = GetHotelsTests/Info.plist;
				LD_RUNPATH_SEARCH_PATHS = "$(inherited) @executable_path/Frameworks @loader_path/Frameworks";
				PRODUCT_BUNDLE_IDENTIFIER = self.edu.GetHotelsTests;
				PRODUCT_NAME = "$(TARGET_NAME)";
				TARGETED_DEVICE_FAMILY = "1,2";
				TEST_HOST = "$(BUILT_PRODUCTS_DIR)/GetHotels.app/GetHotels";
			};
			name = Debug;
		};
		B26D935E1FA80AC4008F6715 /* Release */ = {
			isa = XCBuildConfiguration;
			buildSettings = {
				BUNDLE_LOADER = "$(TEST_HOST)";
				CODE_SIGN_STYLE = Automatic;
				INFOPLIST_FILE = GetHotelsTests/Info.plist;
				LD_RUNPATH_SEARCH_PATHS = "$(inherited) @executable_path/Frameworks @loader_path/Frameworks";
				PRODUCT_BUNDLE_IDENTIFIER = self.edu.GetHotelsTests;
				PRODUCT_NAME = "$(TARGET_NAME)";
				TARGETED_DEVICE_FAMILY = "1,2";
				TEST_HOST = "$(BUILT_PRODUCTS_DIR)/GetHotels.app/GetHotels";
			};
			name = Release;
		};
		B26D93601FA80AC4008F6715 /* Debug */ = {
			isa = XCBuildConfiguration;
			buildSettings = {
				CODE_SIGN_STYLE = Automatic;
				INFOPLIST_FILE = GetHotelsUITests/Info.plist;
				LD_RUNPATH_SEARCH_PATHS = "$(inherited) @executable_path/Frameworks @loader_path/Frameworks";
				PRODUCT_BUNDLE_IDENTIFIER = self.edu.GetHotelsUITests;
				PRODUCT_NAME = "$(TARGET_NAME)";
				TARGETED_DEVICE_FAMILY = "1,2";
				TEST_TARGET_NAME = GetHotels;
			};
			name = Debug;
		};
		B26D93611FA80AC4008F6715 /* Release */ = {
			isa = XCBuildConfiguration;
			buildSettings = {
				CODE_SIGN_STYLE = Automatic;
				INFOPLIST_FILE = GetHotelsUITests/Info.plist;
				LD_RUNPATH_SEARCH_PATHS = "$(inherited) @executable_path/Frameworks @loader_path/Frameworks";
				PRODUCT_BUNDLE_IDENTIFIER = self.edu.GetHotelsUITests;
				PRODUCT_NAME = "$(TARGET_NAME)";
				TARGETED_DEVICE_FAMILY = "1,2";
				TEST_TARGET_NAME = GetHotels;
			};
			name = Release;
		};
/* End XCBuildConfiguration section */

/* Begin XCConfigurationList section */
		B26D93251FA80AC3008F6715 /* Build configuration list for PBXProject "GetHotels" */ = {
			isa = XCConfigurationList;
			buildConfigurations = (
				B26D93571FA80AC4008F6715 /* Debug */,
				B26D93581FA80AC4008F6715 /* Release */,
			);
			defaultConfigurationIsVisible = 0;
			defaultConfigurationName = Release;
		};
		B26D93591FA80AC4008F6715 /* Build configuration list for PBXNativeTarget "GetHotels" */ = {
			isa = XCConfigurationList;
			buildConfigurations = (
				B26D935A1FA80AC4008F6715 /* Debug */,
				B26D935B1FA80AC4008F6715 /* Release */,
			);
			defaultConfigurationIsVisible = 0;
			defaultConfigurationName = Release;
		};
		B26D935C1FA80AC4008F6715 /* Build configuration list for PBXNativeTarget "GetHotelsTests" */ = {
			isa = XCConfigurationList;
			buildConfigurations = (
				B26D935D1FA80AC4008F6715 /* Debug */,
				B26D935E1FA80AC4008F6715 /* Release */,
			);
			defaultConfigurationIsVisible = 0;
			defaultConfigurationName = Release;
		};
		B26D935F1FA80AC4008F6715 /* Build configuration list for PBXNativeTarget "GetHotelsUITests" */ = {
			isa = XCConfigurationList;
			buildConfigurations = (
				B26D93601FA80AC4008F6715 /* Debug */,
				B26D93611FA80AC4008F6715 /* Release */,
			);
			defaultConfigurationIsVisible = 0;
			defaultConfigurationName = Release;
		};
/* End XCConfigurationList section */

/* Begin XCVersionGroup section */
		B2E48A241FAFF85700725555 /* GetHotels.xcdatamodeld */ = {
			isa = XCVersionGroup;
			children = (
				B2E48A251FAFF85700725555 /* GetHotels.xcdatamodel */,
			);
			currentVersion = B2E48A251FAFF85700725555 /* GetHotels.xcdatamodel */;
			path = GetHotels.xcdatamodeld;
			sourceTree = "<group>";
			versionGroupType = wrapper.xcdatamodel;
		};
/* End XCVersionGroup section */
	};
	rootObject = B26D93221FA80AC3008F6715 /* Project object */;
}
